
Microsoft Visual Studio Solution File, Format Version 12.00
# Visual Studio Version 17
VisualStudioVersion = 17.11.35327.3
MinimumVisualStudioVersion = 10.0.40219.1
Project("{FAE04EC0-301F-11D3-BF4B-00C04F79EFBC}") = "ImageProcessingApp01", "ImageProcessingApp01\ImageProcessingApp01.csproj", "{2A66D58F-1B71-4FBA-9522-0DEA1F548AAF}"
EndProject
Global
	GlobalSection(SolutionConfigurationPlatforms) = preSolution
		Debug|Any CPU = Debug|Any CPU
		Release|Any CPU = Release|Any CPU
	EndGlobalSection
	GlobalSection(ProjectConfigurationPlatforms) = postSolution
		{2A66D58F-1B71-4FBA-9522-0DEA1F548AAF}.Debug|Any CPU.ActiveCfg = Debug|Any CPU
		{2A66D58F-1B71-4FBA-9522-0DEA1F548AAF}.Debug|Any CPU.Build.0 = Debug|Any CPU
		{2A66D58F-1B71-4FBA-9522-0DEA1F548AAF}.Release|Any CPU.ActiveCfg = Release|Any CPU
		{2A66D58F-1B71-4FBA-9522-0DEA1F548AAF}.Release|Any CPU.Build.0 = Release|Any CPU
	EndGlobalSection
	GlobalSection(SolutionProperties) = preSolution
		HideSolutionNode = FALSE
	EndGlobalSection
	GlobalSection(ExtensibilityGlobals) = postSolution
		SolutionGuid = {3ADE150B-AB76-4FB4-A973-1B21932CA577}
	EndGlobalSection
EndGlobal
